
Microsoft Visual Studio Solution File, Format Version 12.00
# Visual Studio Version 17
VisualStudioVersion = 17.9.34701.34
MinimumVisualStudioVersion = 10.0.40219.1
Project("{9A19103F-16F7-4668-BE54-9A1E7A4F7556}") = "WebApp.API", "WebApp.API\WebApp.API.csproj", "{B3E026F0-3C7A-44E3-873D-393D23BB611B}"
EndProject
Project("{9A19103F-16F7-4668-BE54-9A1E7A4F7556}") = "WebApp.Core", "WebApp.Core\WebApp.Core.csproj", "{5128B1F7-B869-4592-9FA9-4F62FE6E678B}"
EndProject
Project("{9A19103F-16F7-4668-BE54-9A1E7A4F7556}") = "WebApp.Infrastructure", "WebApp.Infrastructure\WebApp.Infrastructure.csproj", "{6AD17174-F184-4226-A570-87A919E4E5D4}"
EndProject
Project("{9A19103F-16F7-4668-BE54-9A1E7A4F7556}") = "WebApp.Tests", "WebApp.Tests\WebApp.Tests.csproj", "{1C9EEBF3-BDF3-4313-8A09-4FB9F103A5C8}"
EndProject
Global
	GlobalSection(SolutionConfigurationPlatforms) = preSolution
		Debug|Any CPU = Debug|Any CPU
		Release|Any CPU = Release|Any CPU
	EndGlobalSection
	GlobalSection(ProjectConfigurationPlatforms) = postSolution
		{B3E026F0-3C7A-44E3-873D-393D23BB611B}.Debug|Any CPU.ActiveCfg = Debug|Any CPU
		{B3E026F0-3C7A-44E3-873D-393D23BB611B}.Debug|Any CPU.Build.0 = Debug|Any CPU
		{B3E026F0-3C7A-44E3-873D-393D23BB611B}.Release|Any CPU.ActiveCfg = Release|Any CPU
		{B3E026F0-3C7A-44E3-873D-393D23BB611B}.Release|Any CPU.Build.0 = Release|Any CPU
		{5128B1F7-B869-4592-9FA9-4F62FE6E678B}.Debug|Any CPU.ActiveCfg = Debug|Any CPU
		{5128B1F7-B869-4592-9FA9-4F62FE6E678B}.Debug|Any CPU.Build.0 = Debug|Any CPU
		{5128B1F7-B869-4592-9FA9-4F62FE6E678B}.Release|Any CPU.ActiveCfg = Release|Any CPU
		{5128B1F7-B869-4592-9FA9-4F62FE6E678B}.Release|Any CPU.Build.0 = Release|Any CPU
		{6AD17174-F184-4226-A570-87A919E4E5D4}.Debug|Any CPU.ActiveCfg = Debug|Any CPU
		{6AD17174-F184-4226-A570-87A919E4E5D4}.Debug|Any CPU.Build.0 = Debug|Any CPU
		{6AD17174-F184-4226-A570-87A919E4E5D4}.Release|Any CPU.ActiveCfg = Release|Any CPU
		{6AD17174-F184-4226-A570-87A919E4E5D4}.Release|Any CPU.Build.0 = Release|Any CPU
		{1C9EEBF3-BDF3-4313-8A09-4FB9F103A5C8}.Debug|Any CPU.ActiveCfg = Debug|Any CPU
		{1C9EEBF3-BDF3-4313-8A09-4FB9F103A5C8}.Debug|Any CPU.Build.0 = Debug|Any CPU
		{1C9EEBF3-BDF3-4313-8A09-4FB9F103A5C8}.Release|Any CPU.ActiveCfg = Release|Any CPU
		{1C9EEBF3-BDF3-4313-8A09-4FB9F103A5C8}.Release|Any CPU.Build.0 = Release|Any CPU
	EndGlobalSection
	GlobalSection(SolutionProperties) = preSolution
		HideSolutionNode = FALSE
	EndGlobalSection
	GlobalSection(ExtensibilityGlobals) = postSolution
		SolutionGuid = {3ABC425D-C3A3-4356-87AE-DCF7B5DA8AC3}
	EndGlobalSection
EndGlobal
